
Microsoft Visual Studio Solution File, Format Version 12.00
# Visual Studio 2013
VisualStudioVersion = 12.0.21005.1
MinimumVisualStudioVersion = 10.0.40219.1
Project("{FAE04EC0-301F-11D3-BF4B-00C04F79EFBC}") = "IansCSharpGame", "IansCSharpGame\IansCSharpGame\IansCSharpGame.csproj", "{BE6FE41A-A34E-44CF-8C8D-FA51092D9DA2}"
EndProject
Project("{FAE04EC0-301F-11D3-BF4B-00C04F79EFBC}") = "IansCSharpGameContent", "IansCSharpGame\IansCSharpGame\IansCSharpGameContent\IansCSharpGameContent.contentproj", "{40346889-734A-439E-A8D4-35964DE303EB}"
EndProject
Global
	GlobalSection(SolutionConfigurationPlatforms) = preSolution
		Debug|x86 = Debug|x86
		Release|x86 = Release|x86
	EndGlobalSection
	GlobalSection(ProjectConfigurationPlatforms) = postSolution
		{BE6FE41A-A34E-44CF-8C8D-FA51092D9DA2}.Debug|x86.ActiveCfg = Debug|x86
		{BE6FE41A-A34E-44CF-8C8D-FA51092D9DA2}.Debug|x86.Build.0 = Debug|x86
		{BE6FE41A-A34E-44CF-8C8D-FA51092D9DA2}.Release|x86.ActiveCfg = Release|x86
		{BE6FE41A-A34E-44CF-8C8D-FA51092D9DA2}.Release|x86.Build.0 = Release|x86
		{40346889-734A-439E-A8D4-35964DE303EB}.Debug|x86.ActiveCfg = Debug|x86
		{40346889-734A-439E-A8D4-35964DE303EB}.Release|x86.ActiveCfg = Release|x86
	EndGlobalSection
	GlobalSection(SolutionProperties) = preSolution
		HideSolutionNode = FALSE
	EndGlobalSection
EndGlobal
